{
  "name": "jtop",
  "version": "1.0.8",
  "lockfileVersion": 3,
  "requires": true,
  "packages": {
    "": {
      "name": "jtop",
      "version": "1.0.8",
      "license": "ISC",
      "dependencies": {
        "@types/lodash": "^4.14.191",
        "console-gui-tools": "^3.0.2",
        "lodash": "^4.17.21",
        "ps-list": "^8.1.1",
        "typescript": "^4.9.4"
      },
      "bin": {
        "jtop": "dist/index.js"
      },
      "devDependencies": {
        "@types/node": "^18.11.17"
      }
    },
    "node_modules/@types/lodash": {
      "version": "4.14.191",
      "license": "MIT"
    },
    "node_modules/@types/node": {
      "version": "18.11.18",
      "dev": true,
      "license": "MIT"
    },
    "node_modules/chalk": {
      "version": "5.2.0",
      "license": "MIT",
      "engines": {
        "node": "^12.17.0 || ^14.13 || >=16.0.0"
      },
      "funding": {
        "url": "https://github.com/chalk/chalk?sponsor=1"
      }
    },
    "node_modules/console-gui-tools": {
      "version": "3.0.2",
      "resolved": "https://registry.npmjs.org/console-gui-tools/-/console-gui-tools-3.0.2.tgz",
      "integrity": "sha512-ZwQMWqOFcT0BP9QAAefhFTZDXAYq44KdEk+HmTbrrVf+8RemnjIR8QP8Zfq8YgABG66b7rGT5goCIU8klQtBHg==",
      "dependencies": {
        "chalk": "^5.2.0"
      }
    },
    "node_modules/lodash": {
      "version": "4.17.21",
      "license": "MIT"
    },
    "node_modules/ps-list": {
      "version": "8.1.1",
      "license": "MIT",
      "engines": {
        "node": "^12.20.0 || ^14.13.1 || >=16.0.0"
      },
      "funding": {
        "url": "https://github.com/sponsors/sindresorhus"
      }
    },
    "node_modules/typescript": {
      "version": "4.9.4",
      "license": "Apache-2.0",
      "bin": {
        "tsc": "bin/tsc",
        "tsserver": "bin/tsserver"
      },
      "engines": {
        "node": ">=4.2.0"
      }
    }
  }
}
